
Microsoft Visual Studio Solution File, Format Version 12.00
# Visual Studio Version 17
VisualStudioVersion = 17.1.32421.90
MinimumVisualStudioVersion = 10.0.40219.1
Project("{FAE04EC0-301F-11D3-BF4B-00C04F79EFBC}") = "Calculadora1", "Calculadora1\Calculadora1.csproj", "{972B3FD0-F8DF-44E8-B769-496F05164764}"
EndProject
Global
	GlobalSection(SolutionConfigurationPlatforms) = preSolution
		Debug|Any CPU = Debug|Any CPU
		Release|Any CPU = Release|Any CPU
	EndGlobalSection
	GlobalSection(ProjectConfigurationPlatforms) = postSolution
		{972B3FD0-F8DF-44E8-B769-496F05164764}.Debug|Any CPU.ActiveCfg = Debug|Any CPU
		{972B3FD0-F8DF-44E8-B769-496F05164764}.Debug|Any CPU.Build.0 = Debug|Any CPU
		{972B3FD0-F8DF-44E8-B769-496F05164764}.Release|Any CPU.ActiveCfg = Release|Any CPU
		{972B3FD0-F8DF-44E8-B769-496F05164764}.Release|Any CPU.Build.0 = Release|Any CPU
	EndGlobalSection
	GlobalSection(SolutionProperties) = preSolution
		HideSolutionNode = FALSE
	EndGlobalSection
	GlobalSection(ExtensibilityGlobals) = postSolution
		SolutionGuid = {0915ACC1-0A60-4473-B4DB-C7E4A45DA4D1}
	EndGlobalSection
EndGlobal
